
Microsoft Visual Studio Solution File, Format Version 12.00
# Visual Studio Version 16
VisualStudioVersion = 16.0.29411.108
MinimumVisualStudioVersion = 10.0.40219.1
Project("{FAE04EC0-301F-11D3-BF4B-00C04F79EFBC}") = "Aumento Salario", "Aumento Salario.csproj", "{06EF68AE-D258-46E4-9DCC-790FD059E874}"
EndProject
Global
	GlobalSection(SolutionConfigurationPlatforms) = preSolution
		Debug|Any CPU = Debug|Any CPU
		Release|Any CPU = Release|Any CPU
	EndGlobalSection
	GlobalSection(ProjectConfigurationPlatforms) = postSolution
		{06EF68AE-D258-46E4-9DCC-790FD059E874}.Debug|Any CPU.ActiveCfg = Debug|Any CPU
		{06EF68AE-D258-46E4-9DCC-790FD059E874}.Debug|Any CPU.Build.0 = Debug|Any CPU
		{06EF68AE-D258-46E4-9DCC-790FD059E874}.Release|Any CPU.ActiveCfg = Release|Any CPU
		{06EF68AE-D258-46E4-9DCC-790FD059E874}.Release|Any CPU.Build.0 = Release|Any CPU
	EndGlobalSection
	GlobalSection(SolutionProperties) = preSolution
		HideSolutionNode = FALSE
	EndGlobalSection
	GlobalSection(ExtensibilityGlobals) = postSolution
		SolutionGuid = {5E9D9667-4622-4C6B-89E8-CCBC9BF91FC9}
	EndGlobalSection
EndGlobal
